Microsoft Visual Studio Solution File, Format Version 11.00
# Visual Studio 2008

Project("{DFB1CD63-B382-289E-08D3-793788C4535D}") = "SimulationUnityFiless", "Assembly-CSharp-firstpass.csproj", "{4AED90EC-B7C9-3423-4C45-14EA393910E2}"
EndProject
Project("{DFB1CD63-B382-289E-08D3-793788C4535D}") = "SimulationUnityFiless", "Assembly-CSharp.csproj", "{8907D3D4-E6AA-4D95-A8F5-B2992C8D3CDE}"
EndProject
Project("{DFB1CD63-B382-289E-08D3-793788C4535D}") = "SimulationUnityFiless", "Assembly-CSharp-Editor-firstpass.csproj", "{1AF009AE-E306-5EE1-605C-21B11B17A1E8}"
EndProject
Project("{DFB1CD63-B382-289E-08D3-793788C4535D}") = "SimulationUnityFiless", "Assembly-Boo-firstpass.booproj", "{D1EDEDA6-D444-2289-57AD-B0DD99AC4AFA}"
EndProject
Project("{DFB1CD63-B382-289E-08D3-793788C4535D}") = "SimulationUnityFiless", "Assembly-UnityScript-firstpass.unityproj", "{8C9554F9-63FA-F274-1FAC-F2695BB6E99F}"
EndProject
Global
	GlobalSection(SolutionConfigurationPlatforms) = preSolution
		Debug|Any CPU = Debug|Any CPU
		Release|Any CPU = Release|Any CPU
	EndGlobalSection
	GlobalSection(ProjectConfigurationPlatforms) = postSolution
		{4AED90EC-B7C9-3423-4C45-14EA393910E2}.Debug|Any CPU.ActiveCfg = Debug|Any CPU
		{4AED90EC-B7C9-3423-4C45-14EA393910E2}.Debug|Any CPU.Build.0 = Debug|Any CPU
		{4AED90EC-B7C9-3423-4C45-14EA393910E2}.Release|Any CPU.ActiveCfg = Release|Any CPU
		{4AED90EC-B7C9-3423-4C45-14EA393910E2}.Release|Any CPU.Build.0 = Release|Any CPU
		{8907D3D4-E6AA-4D95-A8F5-B2992C8D3CDE}.Debug|Any CPU.ActiveCfg = Debug|Any CPU
		{8907D3D4-E6AA-4D95-A8F5-B2992C8D3CDE}.Debug|Any CPU.Build.0 = Debug|Any CPU
		{8907D3D4-E6AA-4D95-A8F5-B2992C8D3CDE}.Release|Any CPU.ActiveCfg = Release|Any CPU
		{8907D3D4-E6AA-4D95-A8F5-B2992C8D3CDE}.Release|Any CPU.Build.0 = Release|Any CPU
		{1AF009AE-E306-5EE1-605C-21B11B17A1E8}.Debug|Any CPU.ActiveCfg = Debug|Any CPU
		{1AF009AE-E306-5EE1-605C-21B11B17A1E8}.Debug|Any CPU.Build.0 = Debug|Any CPU
		{1AF009AE-E306-5EE1-605C-21B11B17A1E8}.Release|Any CPU.ActiveCfg = Release|Any CPU
		{1AF009AE-E306-5EE1-605C-21B11B17A1E8}.Release|Any CPU.Build.0 = Release|Any CPU
		{D1EDEDA6-D444-2289-57AD-B0DD99AC4AFA}.Debug|Any CPU.ActiveCfg = Debug|Any CPU
		{D1EDEDA6-D444-2289-57AD-B0DD99AC4AFA}.Debug|Any CPU.Build.0 = Debug|Any CPU
		{D1EDEDA6-D444-2289-57AD-B0DD99AC4AFA}.Release|Any CPU.ActiveCfg = Release|Any CPU
		{D1EDEDA6-D444-2289-57AD-B0DD99AC4AFA}.Release|Any CPU.Build.0 = Release|Any CPU
		{8C9554F9-63FA-F274-1FAC-F2695BB6E99F}.Debug|Any CPU.ActiveCfg = Debug|Any CPU
		{8C9554F9-63FA-F274-1FAC-F2695BB6E99F}.Debug|Any CPU.Build.0 = Debug|Any CPU
		{8C9554F9-63FA-F274-1FAC-F2695BB6E99F}.Release|Any CPU.ActiveCfg = Release|Any CPU
		{8C9554F9-63FA-F274-1FAC-F2695BB6E99F}.Release|Any CPU.Build.0 = Release|Any CPU
	EndGlobalSection
	GlobalSection(SolutionProperties) = preSolution
		HideSolutionNode = FALSE
	EndGlobalSection
																																	GlobalSection(MonoDevelopProperties) = preSolution
		StartupItem = Assembly-CSharp.csproj
		Policies = $0
		$0.TextStylePolicy = $1
		$1.inheritsSet = null
		$1.scope = text/x-csharp
		$0.CSharpFormattingPolicy = $2
		$2.inheritsSet = Mono
		$2.inheritsScope = text/x-csharp
		$2.scope = text/x-csharp
		$0.TextStylePolicy = $3
		$3.FileWidth = 120
		$3.TabWidth = 4
		$3.EolMarker = Unix
		$3.inheritsSet = Mono
		$3.inheritsScope = text/plain
		$3.scope = text/plain
	EndGlobalSection

EndGlobal
